
Microsoft Visual Studio Solution File, Format Version 12.00
# Visual Studio Version 16
VisualStudioVersion = 16.0.29709.97
MinimumVisualStudioVersion = 10.0.40219.1
Project("{9A19103F-16F7-4668-BE54-9A1E7A4F7556}") = "XmlSerialize", "ConsoleApp1\XmlSerialize.csproj", "{59DC7086-99A5-4D51-9CEF-A1E60CE29585}"
EndProject
Global
	GlobalSection(SolutionConfigurationPlatforms) = preSolution
		Debug|Any CPU = Debug|Any CPU
		Release|Any CPU = Release|Any CPU
	EndGlobalSection
	GlobalSection(ProjectConfigurationPlatforms) = postSolution
		{59DC7086-99A5-4D51-9CEF-A1E60CE29585}.Debug|Any CPU.ActiveCfg = Debug|Any CPU
		{59DC7086-99A5-4D51-9CEF-A1E60CE29585}.Debug|Any CPU.Build.0 = Debug|Any CPU
		{59DC7086-99A5-4D51-9CEF-A1E60CE29585}.Release|Any CPU.ActiveCfg = Release|Any CPU
		{59DC7086-99A5-4D51-9CEF-A1E60CE29585}.Release|Any CPU.Build.0 = Release|Any CPU
	EndGlobalSection
	GlobalSection(SolutionProperties) = preSolution
		HideSolutionNode = FALSE
	EndGlobalSection
	GlobalSection(ExtensibilityGlobals) = postSolution
		SolutionGuid = {403BF7A1-69A4-414D-B79C-90F862059554}
	EndGlobalSection
EndGlobal
